{
  "requires": true,
  "lockfileVersion": 1,
  "dependencies": {
    "@ayunoshev/spinner-button": {
      "version": "0.1.0",
      "resolved": "https://registry.npmjs.org/@ayunoshev/spinner-button/-/spinner-button-0.1.0.tgz",
      "integrity": "sha512-djaImI9LyE7dEOKIt2+4YtsuzPQiGwP7Z1dvndhKwa5yNloR/BKnSWr6YGIGuTJE2LESQg+qVThoIfD8C94c2w=="
    }
  }
}
